Microsoft Visual Studio Solution File, Format Version 11.00
# Visual Studio 2008

Project("{74C3C638-391B-920C-ECD7-2C8AEC7371EB}") = "ZombieUnity", "Assembly-CSharp-firstpass.csproj", "{3647468E-AC57-DEDE-FFAC-F3527CC045EB}"
EndProject
Project("{74C3C638-391B-920C-ECD7-2C8AEC7371EB}") = "ZombieUnity", "Assembly-CSharp.csproj", "{1A0B869F-3AA8-3E8B-0B42-95A8B9A308BF}"
EndProject
Project("{74C3C638-391B-920C-ECD7-2C8AEC7371EB}") = "ZombieUnity", "Assembly-CSharp-Editor.csproj", "{6E2E9A53-9C60-1A17-BDCC-BD51ED3823F1}"
EndProject
Project("{74C3C638-391B-920C-ECD7-2C8AEC7371EB}") = "ZombieUnity", "Assembly-Boo-Editor.booproj", "{51C037F0-4A2E-5948-F9A1-E729A262F13C}"
EndProject
Project("{74C3C638-391B-920C-ECD7-2C8AEC7371EB}") = "ZombieUnity", "Assembly-UnityScript-firstpass.unityproj", "{26F09399-EB74-BBA3-17FE-32B49E1ACBD8}"
EndProject
Project("{74C3C638-391B-920C-ECD7-2C8AEC7371EB}") = "ZombieUnity", "Assembly-UnityScript.unityproj", "{3AA5BD81-BDA5-BD17-E04E-BEE3AB3BC615}"
EndProject
Project("{74C3C638-391B-920C-ECD7-2C8AEC7371EB}") = "ZombieUnity", "Assembly-UnityScript-Editor.unityproj", "{35FB3DD9-C4C0-1E43-F364-681F176EBAC0}"
EndProject
Global
	GlobalSection(SolutionConfigurationPlatforms) = preSolution
		Debug|Any CPU = Debug|Any CPU
		Release|Any CPU = Release|Any CPU
	EndGlobalSection
	GlobalSection(ProjectConfigurationPlatforms) = postSolution
		{3647468E-AC57-DEDE-FFAC-F3527CC045EB}.Debug|Any CPU.ActiveCfg = Debug|Any CPU
		{3647468E-AC57-DEDE-FFAC-F3527CC045EB}.Debug|Any CPU.Build.0 = Debug|Any CPU
		{3647468E-AC57-DEDE-FFAC-F3527CC045EB}.Release|Any CPU.ActiveCfg = Release|Any CPU
		{3647468E-AC57-DEDE-FFAC-F3527CC045EB}.Release|Any CPU.Build.0 = Release|Any CPU
		{1A0B869F-3AA8-3E8B-0B42-95A8B9A308BF}.Debug|Any CPU.ActiveCfg = Debug|Any CPU
		{1A0B869F-3AA8-3E8B-0B42-95A8B9A308BF}.Debug|Any CPU.Build.0 = Debug|Any CPU
		{1A0B869F-3AA8-3E8B-0B42-95A8B9A308BF}.Release|Any CPU.ActiveCfg = Release|Any CPU
		{1A0B869F-3AA8-3E8B-0B42-95A8B9A308BF}.Release|Any CPU.Build.0 = Release|Any CPU
		{6E2E9A53-9C60-1A17-BDCC-BD51ED3823F1}.Debug|Any CPU.ActiveCfg = Debug|Any CPU
		{6E2E9A53-9C60-1A17-BDCC-BD51ED3823F1}.Debug|Any CPU.Build.0 = Debug|Any CPU
		{6E2E9A53-9C60-1A17-BDCC-BD51ED3823F1}.Release|Any CPU.ActiveCfg = Release|Any CPU
		{6E2E9A53-9C60-1A17-BDCC-BD51ED3823F1}.Release|Any CPU.Build.0 = Release|Any CPU
		{51C037F0-4A2E-5948-F9A1-E729A262F13C}.Debug|Any CPU.ActiveCfg = Debug|Any CPU
		{51C037F0-4A2E-5948-F9A1-E729A262F13C}.Debug|Any CPU.Build.0 = Debug|Any CPU
		{51C037F0-4A2E-5948-F9A1-E729A262F13C}.Release|Any CPU.ActiveCfg = Release|Any CPU
		{51C037F0-4A2E-5948-F9A1-E729A262F13C}.Release|Any CPU.Build.0 = Release|Any CPU
		{26F09399-EB74-BBA3-17FE-32B49E1ACBD8}.Debug|Any CPU.ActiveCfg = Debug|Any CPU
		{26F09399-EB74-BBA3-17FE-32B49E1ACBD8}.Debug|Any CPU.Build.0 = Debug|Any CPU
		{26F09399-EB74-BBA3-17FE-32B49E1ACBD8}.Release|Any CPU.ActiveCfg = Release|Any CPU
		{26F09399-EB74-BBA3-17FE-32B49E1ACBD8}.Release|Any CPU.Build.0 = Release|Any CPU
		{3AA5BD81-BDA5-BD17-E04E-BEE3AB3BC615}.Debug|Any CPU.ActiveCfg = Debug|Any CPU
		{3AA5BD81-BDA5-BD17-E04E-BEE3AB3BC615}.Debug|Any CPU.Build.0 = Debug|Any CPU
		{3AA5BD81-BDA5-BD17-E04E-BEE3AB3BC615}.Release|Any CPU.ActiveCfg = Release|Any CPU
		{3AA5BD81-BDA5-BD17-E04E-BEE3AB3BC615}.Release|Any CPU.Build.0 = Release|Any CPU
		{35FB3DD9-C4C0-1E43-F364-681F176EBAC0}.Debug|Any CPU.ActiveCfg = Debug|Any CPU
		{35FB3DD9-C4C0-1E43-F364-681F176EBAC0}.Debug|Any CPU.Build.0 = Debug|Any CPU
		{35FB3DD9-C4C0-1E43-F364-681F176EBAC0}.Release|Any CPU.ActiveCfg = Release|Any CPU
		{35FB3DD9-C4C0-1E43-F364-681F176EBAC0}.Release|Any CPU.Build.0 = Release|Any CPU
	EndGlobalSection
	GlobalSection(SolutionProperties) = preSolution
		HideSolutionNode = FALSE
	EndGlobalSection
																						GlobalSection(MonoDevelopProperties) = preSolution
		StartupItem = Assembly-CSharp.csproj
		Policies = $0
		$0.TextStylePolicy = $1
		$1.inheritsSet = null
		$1.scope = text/x-csharp
		$0.CSharpFormattingPolicy = $2
		$2.inheritsSet = Mono
		$2.inheritsScope = text/x-csharp
		$2.scope = text/x-csharp
		$0.TextStylePolicy = $3
		$3.FileWidth = 120
		$3.TabWidth = 4
		$3.EolMarker = Unix
		$3.inheritsSet = Mono
		$3.inheritsScope = text/plain
		$3.scope = text/plain
	EndGlobalSection

EndGlobal
